
Microsoft Visual Studio Solution File, Format Version 12.00
# Visual Studio 15
VisualStudioVersion = 15.0.27703.2042
MinimumVisualStudioVersion = 10.0.40219.1
Project("{FAE04EC0-301F-11D3-BF4B-00C04F79EFBC}") = "IceCreamShop", "IceCreamShop\IceCreamShop.csproj", "{F7CB2CAF-116A-42C2-9717-4D978F84AC5F}"
EndProject
Global
	GlobalSection(SolutionConfigurationPlatforms) = preSolution
		Debug|Any CPU = Debug|Any CPU
		Release|Any CPU = Release|Any CPU
	EndGlobalSection
	GlobalSection(ProjectConfigurationPlatforms) = postSolution
		{F7CB2CAF-116A-42C2-9717-4D978F84AC5F}.Debug|Any CPU.ActiveCfg = Debug|Any CPU
		{F7CB2CAF-116A-42C2-9717-4D978F84AC5F}.Debug|Any CPU.Build.0 = Debug|Any CPU
		{F7CB2CAF-116A-42C2-9717-4D978F84AC5F}.Release|Any CPU.ActiveCfg = Release|Any CPU
		{F7CB2CAF-116A-42C2-9717-4D978F84AC5F}.Release|Any CPU.Build.0 = Release|Any CPU
	EndGlobalSection
	GlobalSection(SolutionProperties) = preSolution
		HideSolutionNode = FALSE
	EndGlobalSection
	GlobalSection(ExtensibilityGlobals) = postSolution
		SolutionGuid = {90B00E51-59ED-40E2-93DB-05440A386654}
	EndGlobalSection
EndGlobal
